
Microsoft Visual Studio Solution File, Format Version 12.00
# Visual Studio 14
VisualStudioVersion = 14.0.25420.1
MinimumVisualStudioVersion = 10.0.40219.1
Project("{FAE04EC0-301F-11D3-BF4B-00C04F79EFBC}") = "pwlc", "pwlc\pwlc.csproj", "{8DEE4659-A1BD-47BF-B3F4-AD29880DC40C}"
EndProject
Global
	GlobalSection(SolutionConfigurationPlatforms) = preSolution
		Debug|Any CPU = Debug|Any CPU
		Release|Any CPU = Release|Any CPU
	EndGlobalSection
	GlobalSection(ProjectConfigurationPlatforms) = postSolution
		{8DEE4659-A1BD-47BF-B3F4-AD29880DC40C}.Debug|Any CPU.ActiveCfg = Debug|Any CPU
		{8DEE4659-A1BD-47BF-B3F4-AD29880DC40C}.Debug|Any CPU.Build.0 = Debug|Any CPU
		{8DEE4659-A1BD-47BF-B3F4-AD29880DC40C}.Release|Any CPU.ActiveCfg = Release|Any CPU
		{8DEE4659-A1BD-47BF-B3F4-AD29880DC40C}.Release|Any CPU.Build.0 = Release|Any CPU
	EndGlobalSection
	GlobalSection(SolutionProperties) = preSolution
		HideSolutionNode = FALSE
	EndGlobalSection
EndGlobal
